
Microsoft Visual Studio Solution File, Format Version 12.00
# Visual Studio Version 17
VisualStudioVersion = 17.3.32929.385
MinimumVisualStudioVersion = 10.0.40219.1
Project("{8BC9CEB8-8B4A-11D0-8D11-00A0C91BC942}") = "ArrayStack", "ArrayStack.vcxproj", "{EC648046-8E66-427A-B7A3-348689357ADB}"
EndProject
Global
	GlobalSection(SolutionConfigurationPlatforms) = preSolution
		Debug|x64 = Debug|x64
		Debug|x86 = Debug|x86
		Release|x64 = Release|x64
		Release|x86 = Release|x86
	EndGlobalSection
	GlobalSection(ProjectConfigurationPlatforms) = postSolution
		{EC648046-8E66-427A-B7A3-348689357ADB}.Debug|x64.ActiveCfg = Debug|x64
		{EC648046-8E66-427A-B7A3-348689357ADB}.Debug|x64.Build.0 = Debug|x64
		{EC648046-8E66-427A-B7A3-348689357ADB}.Debug|x86.ActiveCfg = Debug|Win32
		{EC648046-8E66-427A-B7A3-348689357ADB}.Debug|x86.Build.0 = Debug|Win32
		{EC648046-8E66-427A-B7A3-348689357ADB}.Release|x64.ActiveCfg = Release|x64
		{EC648046-8E66-427A-B7A3-348689357ADB}.Release|x64.Build.0 = Release|x64
		{EC648046-8E66-427A-B7A3-348689357ADB}.Release|x86.ActiveCfg = Release|Win32
		{EC648046-8E66-427A-B7A3-348689357ADB}.Release|x86.Build.0 = Release|Win32
	EndGlobalSection
	GlobalSection(SolutionProperties) = preSolution
		HideSolutionNode = FALSE
	EndGlobalSection
	GlobalSection(ExtensibilityGlobals) = postSolution
		SolutionGuid = {963FD3D9-BF41-46F7-8381-D9A1E17C37E1}
	EndGlobalSection
EndGlobal
